
Microsoft Visual Studio Solution File, Format Version 12.00
# Visual Studio 2013
Project("{FAE04EC0-301F-11D3-BF4B-00C04F79EFBC}") = "UnityVS.Power2.CSharp", "UnityVS.Power2.CSharp.csproj", "{637839C1-6A7F-2904-15F2-8E7E920762D9}"
EndProject
Global
	GlobalSection(SolutionConfigurationPlatforms) = preSolution
		Debug|Any CPU = Debug|Any CPU
		Release|Any CPU = Release|Any CPU
	EndGlobalSection
	GlobalSection(ProjectConfigurationPlatforms) = postSolution
		{637839C1-6A7F-2904-15F2-8E7E920762D9}.Debug|Any CPU.ActiveCfg = Debug|Any CPU
		{637839C1-6A7F-2904-15F2-8E7E920762D9}.Debug|Any CPU.Build.0 = Debug|Any CPU
		{637839C1-6A7F-2904-15F2-8E7E920762D9}.Release|Any CPU.ActiveCfg = Release|Any CPU
		{637839C1-6A7F-2904-15F2-8E7E920762D9}.Release|Any CPU.Build.0 = Release|Any CPU
	EndGlobalSection
	GlobalSection(SolutionProperties) = preSolution
		HideSolutionNode = FALSE
	EndGlobalSection
EndGlobal
