
Microsoft Visual Studio Solution File, Format Version 12.00
# Visual Studio 2013
Project("{FAE04EC0-301F-11D3-BF4B-00C04F79EFBC}") = "UnityVS.power2.CSharp", "UnityVS.power2.CSharp.csproj", "{B520A823-F92C-771F-FFF5-3C3A8F40BAE6}"
EndProject
Global
	GlobalSection(SolutionConfigurationPlatforms) = preSolution
		Debug|Any CPU = Debug|Any CPU
		Release|Any CPU = Release|Any CPU
	EndGlobalSection
	GlobalSection(ProjectConfigurationPlatforms) = postSolution
		{B520A823-F92C-771F-FFF5-3C3A8F40BAE6}.Debug|Any CPU.ActiveCfg = Debug|Any CPU
		{B520A823-F92C-771F-FFF5-3C3A8F40BAE6}.Debug|Any CPU.Build.0 = Debug|Any CPU
		{B520A823-F92C-771F-FFF5-3C3A8F40BAE6}.Release|Any CPU.ActiveCfg = Release|Any CPU
		{B520A823-F92C-771F-FFF5-3C3A8F40BAE6}.Release|Any CPU.Build.0 = Release|Any CPU
	EndGlobalSection
	GlobalSection(SolutionProperties) = preSolution
		HideSolutionNode = FALSE
	EndGlobalSection
EndGlobal
